
Microsoft Visual Studio Solution File, Format Version 12.00
# Visual Studio Version 17
VisualStudioVersion = 17.1.32228.430
MinimumVisualStudioVersion = 10.0.40219.1
Project("{FAE04EC0-301F-11D3-BF4B-00C04F79EFBC}") = "ConsoleApp30", "ConsoleApp30\ConsoleApp30.csproj", "{6225CB14-5B85-439D-8C3A-6299E542F82E}"
EndProject
Global
	GlobalSection(SolutionConfigurationPlatforms) = preSolution
		Debug|Any CPU = Debug|Any CPU
		Release|Any CPU = Release|Any CPU
	EndGlobalSection
	GlobalSection(ProjectConfigurationPlatforms) = postSolution
		{6225CB14-5B85-439D-8C3A-6299E542F82E}.Debug|Any CPU.ActiveCfg = Debug|Any CPU
		{6225CB14-5B85-439D-8C3A-6299E542F82E}.Debug|Any CPU.Build.0 = Debug|Any CPU
		{6225CB14-5B85-439D-8C3A-6299E542F82E}.Release|Any CPU.ActiveCfg = Release|Any CPU
		{6225CB14-5B85-439D-8C3A-6299E542F82E}.Release|Any CPU.Build.0 = Release|Any CPU
	EndGlobalSection
	GlobalSection(SolutionProperties) = preSolution
		HideSolutionNode = FALSE
	EndGlobalSection
	GlobalSection(ExtensibilityGlobals) = postSolution
		SolutionGuid = {EC246970-5A5E-4965-81A3-14510CA13F1A}
	EndGlobalSection
EndGlobal
